// !$*UTF8*$!
{
	archiveVersion = 1;
	classes = {
	};
	objectVersion = 55;
	objects = {

/* Begin PBXBuildFile section */
		21835DD3286BE77700EF81DD /* main.swift in Sources */ = {isa = PBXBuildFile; fileRef = 21835DD2286BE77700EF81DD /* main.swift */; };
		21835DDE286C0E7600EF81DD /* main.swift in Sources */ = {isa = PBXBuildFile; fileRef = 21835DDD286C0E7600EF81DD /* main.swift */; };
		21835DE9286C17CE00EF81DD /* main.swift in Sources */ = {isa = PBXBuildFile; fileRef = 21835DE8286C17CE00EF81DD /* main.swift */; };
		21835DF4286C26F700EF81DD /* main.swift in Sources */ = {isa = PBXBuildFile; fileRef = 21835DF3286C26F700EF81DD /* main.swift */; };
		21835DFF286C3B8F00EF81DD /* main.swift in Sources */ = {isa = PBXBuildFile; fileRef = 21835DFE286C3B8F00EF81DD /* main.swift */; };
		21835E0A286C49AD00EF81DD /* main.swift in Sources */ = {isa = PBXBuildFile; fileRef = 21835E09286C49AD00EF81DD /* main.swift */; };
		21835E15286C5EAC00EF81DD /* main.swift in Sources */ = {isa = PBXBuildFile; fileRef = 21835E14286C5EAC00EF81DD /* main.swift */; };
		C8078234286CA41600978E82 /* main.swift in Sources */ = {isa = PBXBuildFile; fileRef = C8078233286CA41600978E82 /* main.swift */; };
		C807823F286CA68400978E82 /* main.swift in Sources */ = {isa = PBXBuildFile; fileRef = C807823E286CA68400978E82 /* main.swift */; };
		C8C43780286B49A1003177CF /* main.swift in Sources */ = {isa = PBXBuildFile; fileRef = C8C4377F286B49A1003177CF /* main.swift */; };
		C8C4378D286B49DB003177CF /* main.swift in Sources */ = {isa = PBXBuildFile; fileRef = C8C4378C286B49DB003177CF /* main.swift */; };
		C8C43798286B539C003177CF /* main.swift in Sources */ = {isa = PBXBuildFile; fileRef = C8C43797286B539C003177CF /* main.swift */; };
/* End PBXBuildFile section */

/* Begin PBXCopyFilesBuildPhase section */
		21835DCE286BE77700EF81DD /* CopyFiles */ = {
			isa = PBXCopyFilesBuildPhase;
			buildActionMask = 2147483647;
			dstPath = /usr/share/man/man1/;
			dstSubfolderSpec = 0;
			files = (
			);
			runOnlyForDeploymentPostprocessing = 1;
		};
		21835DD9286C0E7600EF81DD /* CopyFiles */ = {
			isa = PBXCopyFilesBuildPhase;
			buildActionMask = 2147483647;
			dstPath = /usr/share/man/man1/;
			dstSubfolderSpec = 0;
			files = (
			);
			runOnlyForDeploymentPostprocessing = 1;
		};
		21835DE4286C17CE00EF81DD /* CopyFiles */ = {
			isa = PBXCopyFilesBuildPhase;
			buildActionMask = 2147483647;
			dstPath = /usr/share/man/man1/;
			dstSubfolderSpec = 0;
			files = (
			);
			runOnlyForDeploymentPostprocessing = 1;
		};
		21835DEF286C26F700EF81DD /* CopyFiles */ = {
			isa = PBXCopyFilesBuildPhase;
			buildActionMask = 2147483647;
			dstPath = /usr/share/man/man1/;
			dstSubfolderSpec = 0;
			files = (
			);
			runOnlyForDeploymentPostprocessing = 1;
		};
		21835DFA286C3B8F00EF81DD /* CopyFiles */ = {
			isa = PBXCopyFilesBuildPhase;
			buildActionMask = 2147483647;
			dstPath = /usr/share/man/man1/;
			dstSubfolderSpec = 0;
			files = (
			);
			runOnlyForDeploymentPostprocessing = 1;
		};
		21835E05286C49AD00EF81DD /* CopyFiles */ = {
			isa = PBXCopyFilesBuildPhase;
			buildActionMask = 2147483647;
			dstPath = /usr/share/man/man1/;
			dstSubfolderSpec = 0;
			files = (
			);
			runOnlyForDeploymentPostprocessing = 1;
		};
		21835E10286C5EAC00EF81DD /* CopyFiles */ = {
			isa = PBXCopyFilesBuildPhase;
			buildActionMask = 2147483647;
			dstPath = /usr/share/man/man1/;
			dstSubfolderSpec = 0;
			files = (
			);
			runOnlyForDeploymentPostprocessing = 1;
		};
		C807822F286CA41600978E82 /* CopyFiles */ = {
			isa = PBXCopyFilesBuildPhase;
			buildActionMask = 2147483647;
			dstPath = /usr/share/man/man1/;
			dstSubfolderSpec = 0;
			files = (
			);
			runOnlyForDeploymentPostprocessing = 1;
		};
		C807823A286CA68400978E82 /* CopyFiles */ = {
			isa = PBXCopyFilesBuildPhase;
			buildActionMask = 2147483647;
			dstPath = /usr/share/man/man1/;
			dstSubfolderSpec = 0;
			files = (
			);
			runOnlyForDeploymentPostprocessing = 1;
		};
		C8C4377A286B49A1003177CF /* CopyFiles */ = {
			isa = PBXCopyFilesBuildPhase;
			buildActionMask = 2147483647;
			dstPath = /usr/share/man/man1/;
			dstSubfolderSpec = 0;
			files = (
			);
			runOnlyForDeploymentPostprocessing = 1;
		};
		C8C43788286B49DB003177CF /* CopyFiles */ = {
			isa = PBXCopyFilesBuildPhase;
			buildActionMask = 2147483647;
			dstPath = /usr/share/man/man1/;
			dstSubfolderSpec = 0;
			files = (
			);
			runOnlyForDeploymentPostprocessing = 1;
		};
		C8C43793286B539B003177CF /* CopyFiles */ = {
			isa = PBXCopyFilesBuildPhase;
			buildActionMask = 2147483647;
			dstPath = /usr/share/man/man1/;
			dstSubfolderSpec = 0;
			files = (
			);
			runOnlyForDeploymentPostprocessing = 1;
		};
/* End PBXCopyFilesBuildPhase section */

/* Begin PBXFileReference section */
		21835DD0286BE77700EF81DD /* longest-substring-without-repeating-characters */ = {isa = PBXFileReference; explicitFileType = "compiled.mach-o.executable"; includeInIndex = 0; path = "longest-substring-without-repeating-characters"; sourceTree = BUILT_PRODUCTS_DIR; };
		21835DD2286BE77700EF81DD /* main.swift */ = {isa = PBXFileReference; lastKnownFileType = sourcecode.swift; path = main.swift; sourceTree = "<group>"; };
		21835DDB286C0E7600EF81DD /* implement-strstr */ = {isa = PBXFileReference; explicitFileType = "compiled.mach-o.executable"; includeInIndex = 0; path = "implement-strstr"; sourceTree = BUILT_PRODUCTS_DIR; };
		21835DDD286C0E7600EF81DD /* main.swift */ = {isa = PBXFileReference; lastKnownFileType = sourcecode.swift; path = main.swift; sourceTree = "<group>"; };
		21835DE6286C17CE00EF81DD /* reverse-words-in-a-string */ = {isa = PBXFileReference; explicitFileType = "compiled.mach-o.executable"; includeInIndex = 0; path = "reverse-words-in-a-string"; sourceTree = BUILT_PRODUCTS_DIR; };
		21835DE8286C17CE00EF81DD /* main.swift */ = {isa = PBXFileReference; lastKnownFileType = sourcecode.swift; path = main.swift; sourceTree = "<group>"; };
		21835DF1286C26F700EF81DD /* multiply-strings */ = {isa = PBXFileReference; explicitFileType = "compiled.mach-o.executable"; includeInIndex = 0; path = "multiply-strings"; sourceTree = BUILT_PRODUCTS_DIR; };
		21835DF3286C26F700EF81DD /* main.swift */ = {isa = PBXFileReference; lastKnownFileType = sourcecode.swift; path = main.swift; sourceTree = "<group>"; };
		21835DFC286C3B8F00EF81DD /* add-binary */ = {isa = PBXFileReference; explicitFileType = "compiled.mach-o.executable"; includeInIndex = 0; path = "add-binary"; sourceTree = BUILT_PRODUCTS_DIR; };
		21835DFE286C3B8F00EF81DD /* main.swift */ = {isa = PBXFileReference; lastKnownFileType = sourcecode.swift; path = main.swift; sourceTree = "<group>"; };
		21835E07286C49AD00EF81DD /* zigzag-conversion */ = {isa = PBXFileReference; explicitFileType = "compiled.mach-o.executable"; includeInIndex = 0; path = "zigzag-conversion"; sourceTree = BUILT_PRODUCTS_DIR; };
		21835E09286C49AD00EF81DD /* main.swift */ = {isa = PBXFileReference; lastKnownFileType = sourcecode.swift; path = main.swift; sourceTree = "<group>"; };
		21835E12286C5EAC00EF81DD /* restore-ip-addresses */ = {isa = PBXFileReference; explicitFileType = "compiled.mach-o.executable"; includeInIndex = 0; path = "restore-ip-addresses"; sourceTree = BUILT_PRODUCTS_DIR; };
		21835E14286C5EAC00EF81DD /* main.swift */ = {isa = PBXFileReference; lastKnownFileType = sourcecode.swift; path = main.swift; sourceTree = "<group>"; };
		C8078231286CA41600978E82 /* basic-calculator-ii */ = {isa = PBXFileReference; explicitFileType = "compiled.mach-o.executable"; includeInIndex = 0; path = "basic-calculator-ii"; sourceTree = BUILT_PRODUCTS_DIR; };
		C8078233286CA41600978E82 /* main.swift */ = {isa = PBXFileReference; lastKnownFileType = sourcecode.swift; path = main.swift; sourceTree = "<group>"; };
		C807823C286CA68400978E82 /* longest-string-chain */ = {isa = PBXFileReference; explicitFileType = "compiled.mach-o.executable"; includeInIndex = 0; path = "longest-string-chain"; sourceTree = BUILT_PRODUCTS_DIR; };
		C807823E286CA68400978E82 /* main.swift */ = {isa = PBXFileReference; lastKnownFileType = sourcecode.swift; path = main.swift; sourceTree = "<group>"; };
		C8C4377C286B49A1003177CF /* Algorithm */ = {isa = PBXFileReference; explicitFileType = "compiled.mach-o.executable"; includeInIndex = 0; path = Algorithm; sourceTree = BUILT_PRODUCTS_DIR; };
		C8C4377F286B49A1003177CF /* main.swift */ = {isa = PBXFileReference; lastKnownFileType = sourcecode.swift; path = main.swift; sourceTree = "<group>"; };
		C8C4378A286B49DB003177CF /* longest-palindromic-substring */ = {isa = PBXFileReference; explicitFileType = "compiled.mach-o.executable"; includeInIndex = 0; path = "longest-palindromic-substring"; sourceTree = BUILT_PRODUCTS_DIR; };
		C8C4378C286B49DB003177CF /* main.swift */ = {isa = PBXFileReference; lastKnownFileType = sourcecode.swift; path = main.swift; sourceTree = "<group>"; };
		C8C43795286B539B003177CF /* longest-common-prefix */ = {isa = PBXFileReference; explicitFileType = "compiled.mach-o.executable"; includeInIndex = 0; path = "longest-common-prefix"; sourceTree = BUILT_PRODUCTS_DIR; };
		C8C43797286B539C003177CF /* main.swift */ = {isa = PBXFileReference; lastKnownFileType = sourcecode.swift; path = main.swift; sourceTree = "<group>"; };
/* End PBXFileReference section */

/* Begin PBXFrameworksBuildPhase section */
		21835DCD286BE77700EF81DD /* Frameworks */ = {
			isa = PBXFrameworksBuildPhase;
			buildActionMask = 2147483647;
			files = (
			);
			runOnlyForDeploymentPostprocessing = 0;
		};
		21835DD8286C0E7600EF81DD /* Frameworks */ = {
			isa = PBXFrameworksBuildPhase;
			buildActionMask = 2147483647;
			files = (
			);
			runOnlyForDeploymentPostprocessing = 0;
		};
		21835DE3286C17CE00EF81DD /* Frameworks */ = {
			isa = PBXFrameworksBuildPhase;
			buildActionMask = 2147483647;
			files = (
			);
			runOnlyForDeploymentPostprocessing = 0;
		};
		21835DEE286C26F700EF81DD /* Frameworks */ = {
			isa = PBXFrameworksBuildPhase;
			buildActionMask = 2147483647;
			files = (
			);
			runOnlyForDeploymentPostprocessing = 0;
		};
		21835DF9286C3B8F00EF81DD /* Frameworks */ = {
			isa = PBXFrameworksBuildPhase;
			buildActionMask = 2147483647;
			files = (
			);
			runOnlyForDeploymentPostprocessing = 0;
		};
		21835E04286C49AD00EF81DD /* Frameworks */ = {
			isa = PBXFrameworksBuildPhase;
			buildActionMask = 2147483647;
			files = (
			);
			runOnlyForDeploymentPostprocessing = 0;
		};
		21835E0F286C5EAC00EF81DD /* Frameworks */ = {
			isa = PBXFrameworksBuildPhase;
			buildActionMask = 2147483647;
			files = (
			);
			runOnlyForDeploymentPostprocessing = 0;
		};
		C807822E286CA41600978E82 /* Frameworks */ = {
			isa = PBXFrameworksBuildPhase;
			buildActionMask = 2147483647;
			files = (
			);
			runOnlyForDeploymentPostprocessing = 0;
		};
		C8078239286CA68400978E82 /* Frameworks */ = {
			isa = PBXFrameworksBuildPhase;
			buildActionMask = 2147483647;
			files = (
			);
			runOnlyForDeploymentPostprocessing = 0;
		};
		C8C43779286B49A1003177CF /* Frameworks */ = {
			isa = PBXFrameworksBuildPhase;
			buildActionMask = 2147483647;
			files = (
			);
			runOnlyForDeploymentPostprocessing = 0;
		};
		C8C43787286B49DB003177CF /* Frameworks */ = {
			isa = PBXFrameworksBuildPhase;
			buildActionMask = 2147483647;
			files = (
			);
			runOnlyForDeploymentPostprocessing = 0;
		};
		C8C43792286B539B003177CF /* Frameworks */ = {
			isa = PBXFrameworksBuildPhase;
			buildActionMask = 2147483647;
			files = (
			);
			runOnlyForDeploymentPostprocessing = 0;
		};
/* End PBXFrameworksBuildPhase section */

/* Begin PBXGroup section */
		21835DD1286BE77700EF81DD /* longest-substring-without-repeating-characters */ = {
			isa = PBXGroup;
			children = (
				21835DD2286BE77700EF81DD /* main.swift */,
			);
			path = "longest-substring-without-repeating-characters";
			sourceTree = "<group>";
		};
		21835DDC286C0E7600EF81DD /* implement-strstr */ = {
			isa = PBXGroup;
			children = (
				21835DDD286C0E7600EF81DD /* main.swift */,
			);
			path = "implement-strstr";
			sourceTree = "<group>";
		};
		21835DE7286C17CE00EF81DD /* reverse-words-in-a-string */ = {
			isa = PBXGroup;
			children = (
				21835DE8286C17CE00EF81DD /* main.swift */,
			);
			path = "reverse-words-in-a-string";
			sourceTree = "<group>";
		};
		21835DF2286C26F700EF81DD /* multiply-strings */ = {
			isa = PBXGroup;
			children = (
				21835DF3286C26F700EF81DD /* main.swift */,
			);
			path = "multiply-strings";
			sourceTree = "<group>";
		};
		21835DFD286C3B8F00EF81DD /* add-binary */ = {
			isa = PBXGroup;
			children = (
				21835DFE286C3B8F00EF81DD /* main.swift */,
			);
			path = "add-binary";
			sourceTree = "<group>";
		};
		21835E08286C49AD00EF81DD /* zigzag-conversion */ = {
			isa = PBXGroup;
			children = (
				21835E09286C49AD00EF81DD /* main.swift */,
			);
			path = "zigzag-conversion";
			sourceTree = "<group>";
		};
		21835E13286C5EAC00EF81DD /* restore-ip-addresses */ = {
			isa = PBXGroup;
			children = (
				21835E14286C5EAC00EF81DD /* main.swift */,
			);
			path = "restore-ip-addresses";
			sourceTree = "<group>";
		};
		C8078232286CA41600978E82 /* basic-calculator-ii */ = {
			isa = PBXGroup;
			children = (
				C8078233286CA41600978E82 /* main.swift */,
			);
			path = "basic-calculator-ii";
			sourceTree = "<group>";
		};
		C807823D286CA68400978E82 /* longest-string-chain */ = {
			isa = PBXGroup;
			children = (
				C807823E286CA68400978E82 /* main.swift */,
			);
			path = "longest-string-chain";
			sourceTree = "<group>";
		};
		C8C43773286B49A1003177CF = {
			isa = PBXGroup;
			children = (
				C8C4377E286B49A1003177CF /* Algorithm */,
				C8C4378B286B49DB003177CF /* longest-palindromic-substring */,
				C8C43796286B539B003177CF /* longest-common-prefix */,
				21835DD1286BE77700EF81DD /* longest-substring-without-repeating-characters */,
				21835DDC286C0E7600EF81DD /* implement-strstr */,
				21835DE7286C17CE00EF81DD /* reverse-words-in-a-string */,
				21835DF2286C26F700EF81DD /* multiply-strings */,
				21835DFD286C3B8F00EF81DD /* add-binary */,
				21835E08286C49AD00EF81DD /* zigzag-conversion */,
				21835E13286C5EAC00EF81DD /* restore-ip-addresses */,
				C8078232286CA41600978E82 /* basic-calculator-ii */,
				C807823D286CA68400978E82 /* longest-string-chain */,
				C8C4377D286B49A1003177CF /* Products */,
			);
			sourceTree = "<group>";
		};
		C8C4377D286B49A1003177CF /* Products */ = {
			isa = PBXGroup;
			children = (
				C8C4377C286B49A1003177CF /* Algorithm */,
				C8C4378A286B49DB003177CF /* longest-palindromic-substring */,
				C8C43795286B539B003177CF /* longest-common-prefix */,
				21835DD0286BE77700EF81DD /* longest-substring-without-repeating-characters */,
				21835DDB286C0E7600EF81DD /* implement-strstr */,
				21835DE6286C17CE00EF81DD /* reverse-words-in-a-string */,
				21835DF1286C26F700EF81DD /* multiply-strings */,
				21835DFC286C3B8F00EF81DD /* add-binary */,
				21835E07286C49AD00EF81DD /* zigzag-conversion */,
				21835E12286C5EAC00EF81DD /* restore-ip-addresses */,
				C8078231286CA41600978E82 /* basic-calculator-ii */,
				C807823C286CA68400978E82 /* longest-string-chain */,
			);
			name = Products;
			sourceTree = "<group>";
		};
		C8C4377E286B49A1003177CF /* Algorithm */ = {
			isa = PBXGroup;
			children = (
				C8C4377F286B49A1003177CF /* main.swift */,
			);
			path = Algorithm;
			sourceTree = "<group>";
		};
		C8C4378B286B49DB003177CF /* longest-palindromic-substring */ = {
			isa = PBXGroup;
			children = (
				C8C4378C286B49DB003177CF /* main.swift */,
			);
			path = "longest-palindromic-substring";
			sourceTree = "<group>";
		};
		C8C43796286B539B003177CF /* longest-common-prefix */ = {
			isa = PBXGroup;
			children = (
				C8C43797286B539C003177CF /* main.swift */,
			);
			path = "longest-common-prefix";
			sourceTree = "<group>";
		};
/* End PBXGroup section */

/* Begin PBXNativeTarget section */
		21835DCF286BE77700EF81DD /* longest-substring-without-repeating-characters */ = {
			isa = PBXNativeTarget;
			buildConfigurationList = 21835DD6286BE77700EF81DD /* Build configuration list for PBXNativeTarget "longest-substring-without-repeating-characters" */;
			buildPhases = (
				21835DCC286BE77700EF81DD /* Sources */,
				21835DCD286BE77700EF81DD /* Frameworks */,
				21835DCE286BE77700EF81DD /* CopyFiles */,
			);
			buildRules = (
			);
			dependencies = (
			);
			name = "longest-substring-without-repeating-characters";
			productName = "longest-substring-without-repeating-characters";
			productReference = 21835DD0286BE77700EF81DD /* longest-substring-without-repeating-characters */;
			productType = "com.apple.product-type.tool";
		};
		21835DDA286C0E7600EF81DD /* implement-strstr */ = {
			isa = PBXNativeTarget;
			buildConfigurationList = 21835DDF286C0E7600EF81DD /* Build configuration list for PBXNativeTarget "implement-strstr" */;
			buildPhases = (
				21835DD7286C0E7600EF81DD /* Sources */,
				21835DD8286C0E7600EF81DD /* Frameworks */,
				21835DD9286C0E7600EF81DD /* CopyFiles */,
			);
			buildRules = (
			);
			dependencies = (
			);
			name = "implement-strstr";
			productName = "implement-strstr";
			productReference = 21835DDB286C0E7600EF81DD /* implement-strstr */;
			productType = "com.apple.product-type.tool";
		};
		21835DE5286C17CE00EF81DD /* reverse-words-in-a-string */ = {
			isa = PBXNativeTarget;
			buildConfigurationList = 21835DEA286C17CE00EF81DD /* Build configuration list for PBXNativeTarget "reverse-words-in-a-string" */;
			buildPhases = (
				21835DE2286C17CE00EF81DD /* Sources */,
				21835DE3286C17CE00EF81DD /* Frameworks */,
				21835DE4286C17CE00EF81DD /* CopyFiles */,
			);
			buildRules = (
			);
			dependencies = (
			);
			name = "reverse-words-in-a-string";
			productName = "reverse-words-in-a-string";
			productReference = 21835DE6286C17CE00EF81DD /* reverse-words-in-a-string */;
			productType = "com.apple.product-type.tool";
		};
		21835DF0286C26F700EF81DD /* multiply-strings */ = {
			isa = PBXNativeTarget;
			buildConfigurationList = 21835DF5286C26F800EF81DD /* Build configuration list for PBXNativeTarget "multiply-strings" */;
			buildPhases = (
				21835DED286C26F700EF81DD /* Sources */,
				21835DEE286C26F700EF81DD /* Frameworks */,
				21835DEF286C26F700EF81DD /* CopyFiles */,
			);
			buildRules = (
			);
			dependencies = (
			);
			name = "multiply-strings";
			productName = "multiply-strings";
			productReference = 21835DF1286C26F700EF81DD /* multiply-strings */;
			productType = "com.apple.product-type.tool";
		};
		21835DFB286C3B8F00EF81DD /* add-binary */ = {
			isa = PBXNativeTarget;
			buildConfigurationList = 21835E00286C3B8F00EF81DD /* Build configuration list for PBXNativeTarget "add-binary" */;
			buildPhases = (
				21835DF8286C3B8F00EF81DD /* Sources */,
				21835DF9286C3B8F00EF81DD /* Frameworks */,
				21835DFA286C3B8F00EF81DD /* CopyFiles */,
			);
			buildRules = (
			);
			dependencies = (
			);
			name = "add-binary";
			productName = "add-binary";
			productReference = 21835DFC286C3B8F00EF81DD /* add-binary */;
			productType = "com.apple.product-type.tool";
		};
		21835E06286C49AD00EF81DD /* zigzag-conversion */ = {
			isa = PBXNativeTarget;
			buildConfigurationList = 21835E0B286C49AD00EF81DD /* Build configuration list for PBXNativeTarget "zigzag-conversion" */;
			buildPhases = (
				21835E03286C49AD00EF81DD /* Sources */,
				21835E04286C49AD00EF81DD /* Frameworks */,
				21835E05286C49AD00EF81DD /* CopyFiles */,
			);
			buildRules = (
			);
			dependencies = (
			);
			name = "zigzag-conversion";
			productName = "zigzag-conversion";
			productReference = 21835E07286C49AD00EF81DD /* zigzag-conversion */;
			productType = "com.apple.product-type.tool";
		};
		21835E11286C5EAC00EF81DD /* restore-ip-addresses */ = {
			isa = PBXNativeTarget;
			buildConfigurationList = 21835E16286C5EAC00EF81DD /* Build configuration list for PBXNativeTarget "restore-ip-addresses" */;
			buildPhases = (
				21835E0E286C5EAC00EF81DD /* Sources */,
				21835E0F286C5EAC00EF81DD /* Frameworks */,
				21835E10286C5EAC00EF81DD /* CopyFiles */,
			);
			buildRules = (
			);
			dependencies = (
			);
			name = "restore-ip-addresses";
			productName = "restore-ip-addresses";
			productReference = 21835E12286C5EAC00EF81DD /* restore-ip-addresses */;
			productType = "com.apple.product-type.tool";
		};
		C8078230286CA41600978E82 /* basic-calculator-ii */ = {
			isa = PBXNativeTarget;
			buildConfigurationList = C8078237286CA41600978E82 /* Build configuration list for PBXNativeTarget "basic-calculator-ii" */;
			buildPhases = (
				C807822D286CA41600978E82 /* Sources */,
				C807822E286CA41600978E82 /* Frameworks */,
				C807822F286CA41600978E82 /* CopyFiles */,
			);
			buildRules = (
			);
			dependencies = (
			);
			name = "basic-calculator-ii";
			productName = "basic-calculator-ii";
			productReference = C8078231286CA41600978E82 /* basic-calculator-ii */;
			productType = "com.apple.product-type.tool";
		};
		C807823B286CA68400978E82 /* longest-string-chain */ = {
			isa = PBXNativeTarget;
			buildConfigurationList = C8078240286CA68400978E82 /* Build configuration list for PBXNativeTarget "longest-string-chain" */;
			buildPhases = (
				C8078238286CA68400978E82 /* Sources */,
				C8078239286CA68400978E82 /* Frameworks */,
				C807823A286CA68400978E82 /* CopyFiles */,
			);
			buildRules = (
			);
			dependencies = (
			);
			name = "longest-string-chain";
			productName = "longest-string-chain";
			productReference = C807823C286CA68400978E82 /* longest-string-chain */;
			productType = "com.apple.product-type.tool";
		};
		C8C4377B286B49A1003177CF /* Algorithm */ = {
			isa = PBXNativeTarget;
			buildConfigurationList = C8C43783286B49A1003177CF /* Build configuration list for PBXNativeTarget "Algorithm" */;
			buildPhases = (
				C8C43778286B49A1003177CF /* Sources */,
				C8C43779286B49A1003177CF /* Frameworks */,
				C8C4377A286B49A1003177CF /* CopyFiles */,
			);
			buildRules = (
			);
			dependencies = (
			);
			name = Algorithm;
			productName = Algorithm;
			productReference = C8C4377C286B49A1003177CF /* Algorithm */;
			productType = "com.apple.product-type.tool";
		};
		C8C43789286B49DB003177CF /* longest-palindromic-substring */ = {
			isa = PBXNativeTarget;
			buildConfigurationList = C8C4378E286B49DB003177CF /* Build configuration list for PBXNativeTarget "longest-palindromic-substring" */;
			buildPhases = (
				C8C43786286B49DB003177CF /* Sources */,
				C8C43787286B49DB003177CF /* Frameworks */,
				C8C43788286B49DB003177CF /* CopyFiles */,
			);
			buildRules = (
			);
			dependencies = (
			);
			name = "longest-palindromic-substring";
			productName = "longest-palindromic-substring";
			productReference = C8C4378A286B49DB003177CF /* longest-palindromic-substring */;
			productType = "com.apple.product-type.tool";
		};
		C8C43794286B539B003177CF /* longest-common-prefix */ = {
			isa = PBXNativeTarget;
			buildConfigurationList = C8C43799286B539C003177CF /* Build configuration list for PBXNativeTarget "longest-common-prefix" */;
			buildPhases = (
				C8C43791286B539B003177CF /* Sources */,
				C8C43792286B539B003177CF /* Frameworks */,
				C8C43793286B539B003177CF /* CopyFiles */,
			);
			buildRules = (
			);
			dependencies = (
			);
			name = "longest-common-prefix";
			productName = "longest-common-prefix";
			productReference = C8C43795286B539B003177CF /* longest-common-prefix */;
			productType = "com.apple.product-type.tool";
		};
/* End PBXNativeTarget section */

/* Begin PBXProject section */
		C8C43774286B49A1003177CF /* Project object */ = {
			isa = PBXProject;
			attributes = {
				BuildIndependentTargetsInParallel = 1;
				LastSwiftUpdateCheck = 1320;
				LastUpgradeCheck = 1320;
				TargetAttributes = {
					21835DCF286BE77700EF81DD = {
						CreatedOnToolsVersion = 13.4.1;
					};
					21835DDA286C0E7600EF81DD = {
						CreatedOnToolsVersion = 13.4.1;
					};
					21835DE5286C17CE00EF81DD = {
						CreatedOnToolsVersion = 13.4.1;
					};
					21835DF0286C26F700EF81DD = {
						CreatedOnToolsVersion = 13.4.1;
					};
					21835DFB286C3B8F00EF81DD = {
						CreatedOnToolsVersion = 13.4.1;
					};
					21835E06286C49AD00EF81DD = {
						CreatedOnToolsVersion = 13.4.1;
					};
					21835E11286C5EAC00EF81DD = {
						CreatedOnToolsVersion = 13.4.1;
					};
					C8078230286CA41600978E82 = {
						CreatedOnToolsVersion = 13.2.1;
					};
					C807823B286CA68400978E82 = {
						CreatedOnToolsVersion = 13.2.1;
					};
					C8C4377B286B49A1003177CF = {
						CreatedOnToolsVersion = 13.2.1;
					};
					C8C43789286B49DB003177CF = {
						CreatedOnToolsVersion = 13.2.1;
					};
					C8C43794286B539B003177CF = {
						CreatedOnToolsVersion = 13.2.1;
					};
				};
			};
			buildConfigurationList = C8C43777286B49A1003177CF /* Build configuration list for PBXProject "Algorithm" */;
			compatibilityVersion = "Xcode 13.0";
			developmentRegion = en;
			hasScannedForEncodings = 0;
			knownRegions = (
				en,
				Base,
			);
			mainGroup = C8C43773286B49A1003177CF;
			productRefGroup = C8C4377D286B49A1003177CF /* Products */;
			projectDirPath = "";
			projectRoot = "";
			targets = (
				C8C4377B286B49A1003177CF /* Algorithm */,
				C8C43789286B49DB003177CF /* longest-palindromic-substring */,
				C8C43794286B539B003177CF /* longest-common-prefix */,
				21835DCF286BE77700EF81DD /* longest-substring-without-repeating-characters */,
				21835DDA286C0E7600EF81DD /* implement-strstr */,
				21835DE5286C17CE00EF81DD /* reverse-words-in-a-string */,
				21835DF0286C26F700EF81DD /* multiply-strings */,
				21835DFB286C3B8F00EF81DD /* add-binary */,
				21835E06286C49AD00EF81DD /* zigzag-conversion */,
				21835E11286C5EAC00EF81DD /* restore-ip-addresses */,
				C8078230286CA41600978E82 /* basic-calculator-ii */,
				C807823B286CA68400978E82 /* longest-string-chain */,
			);
		};
/* End PBXProject section */

/* Begin PBXSourcesBuildPhase section */
		21835DCC286BE77700EF81DD /* Sources */ = {
			isa = PBXSourcesBuildPhase;
			buildActionMask = 2147483647;
			files = (
				21835DD3286BE77700EF81DD /* main.swift in Sources */,
			);
			runOnlyForDeploymentPostprocessing = 0;
		};
		21835DD7286C0E7600EF81DD /* Sources */ = {
			isa = PBXSourcesBuildPhase;
			buildActionMask = 2147483647;
			files = (
				21835DDE286C0E7600EF81DD /* main.swift in Sources */,
			);
			runOnlyForDeploymentPostprocessing = 0;
		};
		21835DE2286C17CE00EF81DD /* Sources */ = {
			isa = PBXSourcesBuildPhase;
			buildActionMask = 2147483647;
			files = (
				21835DE9286C17CE00EF81DD /* main.swift in Sources */,
			);
			runOnlyForDeploymentPostprocessing = 0;
		};
		21835DED286C26F700EF81DD /* Sources */ = {
			isa = PBXSourcesBuildPhase;
			buildActionMask = 2147483647;
			files = (
				21835DF4286C26F700EF81DD /* main.swift in Sources */,
			);
			runOnlyForDeploymentPostprocessing = 0;
		};
		21835DF8286C3B8F00EF81DD /* Sources */ = {
			isa = PBXSourcesBuildPhase;
			buildActionMask = 2147483647;
			files = (
				21835DFF286C3B8F00EF81DD /* main.swift in Sources */,
			);
			runOnlyForDeploymentPostprocessing = 0;
		};
		21835E03286C49AD00EF81DD /* Sources */ = {
			isa = PBXSourcesBuildPhase;
			buildActionMask = 2147483647;
			files = (
				21835E0A286C49AD00EF81DD /* main.swift in Sources */,
			);
			runOnlyForDeploymentPostprocessing = 0;
		};
		21835E0E286C5EAC00EF81DD /* Sources */ = {
			isa = PBXSourcesBuildPhase;
			buildActionMask = 2147483647;
			files = (
				21835E15286C5EAC00EF81DD /* main.swift in Sources */,
			);
			runOnlyForDeploymentPostprocessing = 0;
		};
		C807822D286CA41600978E82 /* Sources */ = {
			isa = PBXSourcesBuildPhase;
			buildActionMask = 2147483647;
			files = (
				C8078234286CA41600978E82 /* main.swift in Sources */,
			);
			runOnlyForDeploymentPostprocessing = 0;
		};
		C8078238286CA68400978E82 /* Sources */ = {
			isa = PBXSourcesBuildPhase;
			buildActionMask = 2147483647;
			files = (
				C807823F286CA68400978E82 /* main.swift in Sources */,
			);
			runOnlyForDeploymentPostprocessing = 0;
		};
		C8C43778286B49A1003177CF /* Sources */ = {
			isa = PBXSourcesBuildPhase;
			buildActionMask = 2147483647;
			files = (
				C8C43780286B49A1003177CF /* main.swift in Sources */,
			);
			runOnlyForDeploymentPostprocessing = 0;
		};
		C8C43786286B49DB003177CF /* Sources */ = {
			isa = PBXSourcesBuildPhase;
			buildActionMask = 2147483647;
			files = (
				C8C4378D286B49DB003177CF /* main.swift in Sources */,
			);
			runOnlyForDeploymentPostprocessing = 0;
		};
		C8C43791286B539B003177CF /* Sources */ = {
			isa = PBXSourcesBuildPhase;
			buildActionMask = 2147483647;
			files = (
				C8C43798286B539C003177CF /* main.swift in Sources */,
			);
			runOnlyForDeploymentPostprocessing = 0;
		};
/* End PBXSourcesBuildPhase section */

/* Begin XCBuildConfiguration section */
		21835DD4286BE77700EF81DD /* Debug */ = {
			isa = XCBuildConfiguration;
			buildSettings = {
				CODE_SIGN_STYLE = Automatic;
				MACOSX_DEPLOYMENT_TARGET = 12.3;
				PRODUCT_NAME = "$(TARGET_NAME)";
				SWIFT_VERSION = 5.0;
			};
			name = Debug;
		};
		21835DD5286BE77700EF81DD /* Release */ = {
			isa = XCBuildConfiguration;
			buildSettings = {
				CODE_SIGN_STYLE = Automatic;
				MACOSX_DEPLOYMENT_TARGET = 12.3;
				PRODUCT_NAME = "$(TARGET_NAME)";
				SWIFT_VERSION = 5.0;
			};
			name = Release;
		};
		21835DE0286C0E7600EF81DD /* Debug */ = {
			isa = XCBuildConfiguration;
			buildSettings = {
				CODE_SIGN_STYLE = Automatic;
				MACOSX_DEPLOYMENT_TARGET = 12.3;
				PRODUCT_NAME = "$(TARGET_NAME)";
				SWIFT_VERSION = 5.0;
			};
			name = Debug;
		};
		21835DE1286C0E7600EF81DD /* Release */ = {
			isa = XCBuildConfiguration;
			buildSettings = {
				CODE_SIGN_STYLE = Automatic;
				MACOSX_DEPLOYMENT_TARGET = 12.3;
				PRODUCT_NAME = "$(TARGET_NAME)";
				SWIFT_VERSION = 5.0;
			};
			name = Release;
		};
		21835DEB286C17CE00EF81DD /* Debug */ = {
			isa = XCBuildConfiguration;
			buildSettings = {
				CODE_SIGN_STYLE = Automatic;
				MACOSX_DEPLOYMENT_TARGET = 12.3;
				PRODUCT_NAME = "$(TARGET_NAME)";
				SWIFT_VERSION = 5.0;
			};
			name = Debug;
		};
		21835DEC286C17CE00EF81DD /* Release */ = {
			isa = XCBuildConfiguration;
			buildSettings = {
				CODE_SIGN_STYLE = Automatic;
				MACOSX_DEPLOYMENT_TARGET = 12.3;
				PRODUCT_NAME = "$(TARGET_NAME)";
				SWIFT_VERSION = 5.0;
			};
			name = Release;
		};
		21835DF6286C26F800EF81DD /* Debug */ = {
			isa = XCBuildConfiguration;
			buildSettings = {
				CODE_SIGN_STYLE = Automatic;
				MACOSX_DEPLOYMENT_TARGET = 12.3;
				PRODUCT_NAME = "$(TARGET_NAME)";
				SWIFT_VERSION = 5.0;
			};
			name = Debug;
		};
		21835DF7286C26F800EF81DD /* Release */ = {
			isa = XCBuildConfiguration;
			buildSettings = {
				CODE_SIGN_STYLE = Automatic;
				MACOSX_DEPLOYMENT_TARGET = 12.3;
				PRODUCT_NAME = "$(TARGET_NAME)";
				SWIFT_VERSION = 5.0;
			};
			name = Release;
		};
		21835E01286C3B8F00EF81DD /* Debug */ = {
			isa = XCBuildConfiguration;
			buildSettings = {
				CODE_SIGN_STYLE = Automatic;
				MACOSX_DEPLOYMENT_TARGET = 12.3;
				PRODUCT_NAME = "$(TARGET_NAME)";
				SWIFT_VERSION = 5.0;
			};
			name = Debug;
		};
		21835E02286C3B8F00EF81DD /* Release */ = {
			isa = XCBuildConfiguration;
			buildSettings = {
				CODE_SIGN_STYLE = Automatic;
				MACOSX_DEPLOYMENT_TARGET = 12.3;
				PRODUCT_NAME = "$(TARGET_NAME)";
				SWIFT_VERSION = 5.0;
			};
			name = Release;
		};
		21835E0C286C49AD00EF81DD /* Debug */ = {
			isa = XCBuildConfiguration;
			buildSettings = {
				CODE_SIGN_STYLE = Automatic;
				MACOSX_DEPLOYMENT_TARGET = 12.3;
				PRODUCT_NAME = "$(TARGET_NAME)";
				SWIFT_VERSION = 5.0;
			};
			name = Debug;
		};
		21835E0D286C49AD00EF81DD /* Release */ = {
			isa = XCBuildConfiguration;
			buildSettings = {
				CODE_SIGN_STYLE = Automatic;
				MACOSX_DEPLOYMENT_TARGET = 12.3;
				PRODUCT_NAME = "$(TARGET_NAME)";
				SWIFT_VERSION = 5.0;
			};
			name = Release;
		};
		21835E17286C5EAC00EF81DD /* Debug */ = {
			isa = XCBuildConfiguration;
			buildSettings = {
				CODE_SIGN_STYLE = Automatic;
				MACOSX_DEPLOYMENT_TARGET = 12.3;
				PRODUCT_NAME = "$(TARGET_NAME)";
				SWIFT_VERSION = 5.0;
			};
			name = Debug;
		};
		21835E18286C5EAC00EF81DD /* Release */ = {
			isa = XCBuildConfiguration;
			buildSettings = {
				CODE_SIGN_STYLE = Automatic;
				MACOSX_DEPLOYMENT_TARGET = 12.3;
				PRODUCT_NAME = "$(TARGET_NAME)";
				SWIFT_VERSION = 5.0;
			};
			name = Release;
		};
		C8078235286CA41600978E82 /* Debug */ = {
			isa = XCBuildConfiguration;
			buildSettings = {
				CODE_SIGN_STYLE = Automatic;
				PRODUCT_NAME = "$(TARGET_NAME)";
				SWIFT_VERSION = 5.0;
			};
			name = Debug;
		};
		C8078236286CA41600978E82 /* Release */ = {
			isa = XCBuildConfiguration;
			buildSettings = {
				CODE_SIGN_STYLE = Automatic;
				PRODUCT_NAME = "$(TARGET_NAME)";
				SWIFT_VERSION = 5.0;
			};
			name = Release;
		};
		C8078241286CA68400978E82 /* Debug */ = {
			isa = XCBuildConfiguration;
			buildSettings = {
				CODE_SIGN_STYLE = Automatic;
				PRODUCT_NAME = "$(TARGET_NAME)";
				SWIFT_VERSION = 5.0;
			};
			name = Debug;
		};
		C8078242286CA68400978E82 /* Release */ = {
			isa = XCBuildConfiguration;
			buildSettings = {
				CODE_SIGN_STYLE = Automatic;
				PRODUCT_NAME = "$(TARGET_NAME)";
				SWIFT_VERSION = 5.0;
			};
			name = Release;
		};
		C8C43781286B49A1003177CF /* Debug */ = {
			isa = XCBuildConfiguration;
			buildSettings = {
				ALWAYS_SEARCH_USER_PATHS = NO;
				CLANG_ANALYZER_NONNULL = YES;
				CLANG_ANALYZER_NUMBER_OBJECT_CONVERSION = YES_AGGRESSIVE;
				CLANG_CXX_LANGUAGE_STANDARD = "gnu++17";
				CLANG_CXX_LIBRARY = "libc++";
				CLANG_ENABLE_MODULES = YES;
				CLANG_ENABLE_OBJC_ARC = YES;
				CLANG_ENABLE_OBJC_WEAK = YES;
				CLANG_WARN_BLOCK_CAPTURE_AUTORELEASING = YES;
				CLANG_WARN_BOOL_CONVERSION = YES;
				CLANG_WARN_COMMA = YES;
				CLANG_WARN_CONSTANT_CONVERSION = YES;
				CLANG_WARN_DEPRECATED_OBJC_IMPLEMENTATIONS = YES;
				CLANG_WARN_DIRECT_OBJC_ISA_USAGE = YES_ERROR;
				CLANG_WARN_DOCUMENTATION_COMMENTS = YES;
				CLANG_WARN_EMPTY_BODY = YES;
				CLANG_WARN_ENUM_CONVERSION = YES;
				CLANG_WARN_INFINITE_RECURSION = YES;
				CLANG_WARN_INT_CONVERSION = YES;
				CLANG_WARN_NON_LITERAL_NULL_CONVERSION = YES;
				CLANG_WARN_OBJC_IMPLICIT_RETAIN_SELF = YES;
				CLANG_WARN_OBJC_LITERAL_CONVERSION = YES;
				CLANG_WARN_OBJC_ROOT_CLASS = YES_ERROR;
				CLANG_WARN_QUOTED_INCLUDE_IN_FRAMEWORK_HEADER = YES;
				CLANG_WARN_RANGE_LOOP_ANALYSIS = YES;
				CLANG_WARN_STRICT_PROTOTYPES = YES;
				CLANG_WARN_SUSPICIOUS_MOVE = YES;
				CLANG_WARN_UNGUARDED_AVAILABILITY = YES_AGGRESSIVE;
				CLANG_WARN_UNREACHABLE_CODE = YES;
				CLANG_WARN__DUPLICATE_METHOD_MATCH = YES;
				COPY_PHASE_STRIP = NO;
				DEBUG_INFORMATION_FORMAT = dwarf;
				ENABLE_STRICT_OBJC_MSGSEND = YES;
				ENABLE_TESTABILITY = YES;
				GCC_C_LANGUAGE_STANDARD = gnu11;
				GCC_DYNAMIC_NO_PIC = NO;
				GCC_NO_COMMON_BLOCKS = YES;
				GCC_OPTIMIZATION_LEVEL = 0;
				GCC_PREPROCESSOR_DEFINITIONS = (
					"DEBUG=1",
					"$(inherited)",
				);
				GCC_WARN_64_TO_32_BIT_CONVERSION = YES;
				GCC_WARN_ABOUT_RETURN_TYPE = YES_ERROR;
				GCC_WARN_UNDECLARED_SELECTOR = YES;
				GCC_WARN_UNINITIALIZED_AUTOS = YES_AGGRESSIVE;
				GCC_WARN_UNUSED_FUNCTION = YES;
				GCC_WARN_UNUSED_VARIABLE = YES;
				MACOSX_DEPLOYMENT_TARGET = 11.6;
				MTL_ENABLE_DEBUG_INFO = INCLUDE_SOURCE;
				MTL_FAST_MATH = YES;
				ONLY_ACTIVE_ARCH = YES;
				SDKROOT = macosx;
				SWIFT_ACTIVE_COMPILATION_CONDITIONS = DEBUG;
				SWIFT_OPTIMIZATION_LEVEL = "-Onone";
			};
			name = Debug;
		};
		C8C43782286B49A1003177CF /* Release */ = {
			isa = XCBuildConfiguration;
			buildSettings = {
				ALWAYS_SEARCH_USER_PATHS = NO;
				CLANG_ANALYZER_NONNULL = YES;
				CLANG_ANALYZER_NUMBER_OBJECT_CONVERSION = YES_AGGRESSIVE;
				CLANG_CXX_LANGUAGE_STANDARD = "gnu++17";
				CLANG_CXX_LIBRARY = "libc++";
				CLANG_ENABLE_MODULES = YES;
				CLANG_ENABLE_OBJC_ARC = YES;
				CLANG_ENABLE_OBJC_WEAK = YES;
				CLANG_WARN_BLOCK_CAPTURE_AUTORELEASING = YES;
				CLANG_WARN_BOOL_CONVERSION = YES;
				CLANG_WARN_COMMA = YES;
				CLANG_WARN_CONSTANT_CONVERSION = YES;
				CLANG_WARN_DEPRECATED_OBJC_IMPLEMENTATIONS = YES;
				CLANG_WARN_DIRECT_OBJC_ISA_USAGE = YES_ERROR;
				CLANG_WARN_DOCUMENTATION_COMMENTS = YES;
				CLANG_WARN_EMPTY_BODY = YES;
				CLANG_WARN_ENUM_CONVERSION = YES;
				CLANG_WARN_INFINITE_RECURSION = YES;
				CLANG_WARN_INT_CONVERSION = YES;
				CLANG_WARN_NON_LITERAL_NULL_CONVERSION = YES;
				CLANG_WARN_OBJC_IMPLICIT_RETAIN_SELF = YES;
				CLANG_WARN_OBJC_LITERAL_CONVERSION = YES;
				CLANG_WARN_OBJC_ROOT_CLASS = YES_ERROR;
				CLANG_WARN_QUOTED_INCLUDE_IN_FRAMEWORK_HEADER = YES;
				CLANG_WARN_RANGE_LOOP_ANALYSIS = YES;
				CLANG_WARN_STRICT_PROTOTYPES = YES;
				CLANG_WARN_SUSPICIOUS_MOVE = YES;
				CLANG_WARN_UNGUARDED_AVAILABILITY = YES_AGGRESSIVE;
				CLANG_WARN_UNREACHABLE_CODE = YES;
				CLANG_WARN__DUPLICATE_METHOD_MATCH = YES;
				COPY_PHASE_STRIP = NO;
				DEBUG_INFORMATION_FORMAT = "dwarf-with-dsym";
				ENABLE_NS_ASSERTIONS = NO;
				ENABLE_STRICT_OBJC_MSGSEND = YES;
				GCC_C_LANGUAGE_STANDARD = gnu11;
				GCC_NO_COMMON_BLOCKS = YES;
				GCC_WARN_64_TO_32_BIT_CONVERSION = YES;
				GCC_WARN_ABOUT_RETURN_TYPE = YES_ERROR;
				GCC_WARN_UNDECLARED_SELECTOR = YES;
				GCC_WARN_UNINITIALIZED_AUTOS = YES_AGGRESSIVE;
				GCC_WARN_UNUSED_FUNCTION = YES;
				GCC_WARN_UNUSED_VARIABLE = YES;
				MACOSX_DEPLOYMENT_TARGET = 11.6;
				MTL_ENABLE_DEBUG_INFO = NO;
				MTL_FAST_MATH = YES;
				SDKROOT = macosx;
				SWIFT_COMPILATION_MODE = wholemodule;
				SWIFT_OPTIMIZATION_LEVEL = "-O";
			};
			name = Release;
		};
		C8C43784286B49A1003177CF /* Debug */ = {
			isa = XCBuildConfiguration;
			buildSettings = {
				CODE_SIGN_STYLE = Automatic;
				PRODUCT_NAME = "$(TARGET_NAME)";
				SWIFT_VERSION = 5.0;
			};
			name = Debug;
		};
		C8C43785286B49A1003177CF /* Release */ = {
			isa = XCBuildConfiguration;
			buildSettings = {
				CODE_SIGN_STYLE = Automatic;
				PRODUCT_NAME = "$(TARGET_NAME)";
				SWIFT_VERSION = 5.0;
			};
			name = Release;
		};
		C8C4378F286B49DB003177CF /* Debug */ = {
			isa = XCBuildConfiguration;
			buildSettings = {
				CODE_SIGN_STYLE = Automatic;
				PRODUCT_NAME = "$(TARGET_NAME)";
				SWIFT_VERSION = 5.0;
			};
			name = Debug;
		};
		C8C43790286B49DB003177CF /* Release */ = {
			isa = XCBuildConfiguration;
			buildSettings = {
				CODE_SIGN_STYLE = Automatic;
				PRODUCT_NAME = "$(TARGET_NAME)";
				SWIFT_VERSION = 5.0;
			};
			name = Release;
		};
		C8C4379A286B539C003177CF /* Debug */ = {
			isa = XCBuildConfiguration;
			buildSettings = {
				CODE_SIGN_STYLE = Automatic;
				PRODUCT_NAME = "$(TARGET_NAME)";
				SWIFT_VERSION = 5.0;
			};
			name = Debug;
		};
		C8C4379B286B539C003177CF /* Release */ = {
			isa = XCBuildConfiguration;
			buildSettings = {
				CODE_SIGN_STYLE = Automatic;
				PRODUCT_NAME = "$(TARGET_NAME)";
				SWIFT_VERSION = 5.0;
			};
			name = Release;
		};
/* End XCBuildConfiguration section */

/* Begin XCConfigurationList section */
		21835DD6286BE77700EF81DD /* Build configuration list for PBXNativeTarget "longest-substring-without-repeating-characters" */ = {
			isa = XCConfigurationList;
			buildConfigurations = (
				21835DD4286BE77700EF81DD /* Debug */,
				21835DD5286BE77700EF81DD /* Release */,
			);
			defaultConfigurationIsVisible = 0;
			defaultConfigurationName = Release;
		};
		21835DDF286C0E7600EF81DD /* Build configuration list for PBXNativeTarget "implement-strstr" */ = {
			isa = XCConfigurationList;
			buildConfigurations = (
				21835DE0286C0E7600EF81DD /* Debug */,
				21835DE1286C0E7600EF81DD /* Release */,
			);
			defaultConfigurationIsVisible = 0;
			defaultConfigurationName = Release;
		};
		21835DEA286C17CE00EF81DD /* Build configuration list for PBXNativeTarget "reverse-words-in-a-string" */ = {
			isa = XCConfigurationList;
			buildConfigurations = (
				21835DEB286C17CE00EF81DD /* Debug */,
				21835DEC286C17CE00EF81DD /* Release */,
			);
			defaultConfigurationIsVisible = 0;
			defaultConfigurationName = Release;
		};
		21835DF5286C26F800EF81DD /* Build configuration list for PBXNativeTarget "multiply-strings" */ = {
			isa = XCConfigurationList;
			buildConfigurations = (
				21835DF6286C26F800EF81DD /* Debug */,
				21835DF7286C26F800EF81DD /* Release */,
			);
			defaultConfigurationIsVisible = 0;
			defaultConfigurationName = Release;
		};
		21835E00286C3B8F00EF81DD /* Build configuration list for PBXNativeTarget "add-binary" */ = {
			isa = XCConfigurationList;
			buildConfigurations = (
				21835E01286C3B8F00EF81DD /* Debug */,
				21835E02286C3B8F00EF81DD /* Release */,
			);
			defaultConfigurationIsVisible = 0;
			defaultConfigurationName = Release;
		};
		21835E0B286C49AD00EF81DD /* Build configuration list for PBXNativeTarget "zigzag-conversion" */ = {
			isa = XCConfigurationList;
			buildConfigurations = (
				21835E0C286C49AD00EF81DD /* Debug */,
				21835E0D286C49AD00EF81DD /* Release */,
			);
			defaultConfigurationIsVisible = 0;
			defaultConfigurationName = Release;
		};
		21835E16286C5EAC00EF81DD /* Build configuration list for PBXNativeTarget "restore-ip-addresses" */ = {
			isa = XCConfigurationList;
			buildConfigurations = (
				21835E17286C5EAC00EF81DD /* Debug */,
				21835E18286C5EAC00EF81DD /* Release */,
			);
			defaultConfigurationIsVisible = 0;
			defaultConfigurationName = Release;
		};
		C8078237286CA41600978E82 /* Build configuration list for PBXNativeTarget "basic-calculator-ii" */ = {
			isa = XCConfigurationList;
			buildConfigurations = (
				C8078235286CA41600978E82 /* Debug */,
				C8078236286CA41600978E82 /* Release */,
			);
			defaultConfigurationIsVisible = 0;
			defaultConfigurationName = Release;
		};
		C8078240286CA68400978E82 /* Build configuration list for PBXNativeTarget "longest-string-chain" */ = {
			isa = XCConfigurationList;
			buildConfigurations = (
				C8078241286CA68400978E82 /* Debug */,
				C8078242286CA68400978E82 /* Release */,
			);
			defaultConfigurationIsVisible = 0;
			defaultConfigurationName = Release;
		};
		C8C43777286B49A1003177CF /* Build configuration list for PBXProject "Algorithm" */ = {
			isa = XCConfigurationList;
			buildConfigurations = (
				C8C43781286B49A1003177CF /* Debug */,
				C8C43782286B49A1003177CF /* Release */,
			);
			defaultConfigurationIsVisible = 0;
			defaultConfigurationName = Release;
		};
		C8C43783286B49A1003177CF /* Build configuration list for PBXNativeTarget "Algorithm" */ = {
			isa = XCConfigurationList;
			buildConfigurations = (
				C8C43784286B49A1003177CF /* Debug */,
				C8C43785286B49A1003177CF /* Release */,
			);
			defaultConfigurationIsVisible = 0;
			defaultConfigurationName = Release;
		};
		C8C4378E286B49DB003177CF /* Build configuration list for PBXNativeTarget "longest-palindromic-substring" */ = {
			isa = XCConfigurationList;
			buildConfigurations = (
				C8C4378F286B49DB003177CF /* Debug */,
				C8C43790286B49DB003177CF /* Release */,
			);
			defaultConfigurationIsVisible = 0;
			defaultConfigurationName = Release;
		};
		C8C43799286B539C003177CF /* Build configuration list for PBXNativeTarget "longest-common-prefix" */ = {
			isa = XCConfigurationList;
			buildConfigurations = (
				C8C4379A286B539C003177CF /* Debug */,
				C8C4379B286B539C003177CF /* Release */,
			);
			defaultConfigurationIsVisible = 0;
			defaultConfigurationName = Release;
		};
/* End XCConfigurationList section */
	};
	rootObject = C8C43774286B49A1003177CF /* Project object */;
}
